{
    "version": 3,
    "terraform_version": "0.11.7",
    "serial": 14,
    "lineage": "d5048019-48ff-254c-b96e-a3ed67becbe2",
    "modules": [
        {
            "path": [
                "root"
            ],
            "outputs": {
                "subnet_cidr_blocks": {
                    "sensitive": false,
                    "type": "list",
                    "value": [
                        "172.31.80.0/20",
                        "172.31.0.0/20",
                        "172.31.64.0/20",
                        "172.31.48.0/20",
                        "172.31.16.0/20",
                        "172.31.32.0/20"
                    ]
                }
            },
            "resources": {
                "aws_alb_listener.tf-stack-alb-listener": {
                    "type": "aws_alb_listener",
                    "depends_on": [
                        "aws_lb.tf-stack-alb",
                        "aws_lb_target_group.tf-stack-tg"
                    ],
                    "primary": {
                        "id": "arn:aws:elasticloadbalancing:us-east-1:418395353454:listener/app/tf-stack-lb/9e6a6730f2d5d65c/c4e59c1dbd2f204e",
                        "attributes": {
                            "arn": "arn:aws:elasticloadbalancing:us-east-1:418395353454:listener/app/tf-stack-lb/9e6a6730f2d5d65c/c4e59c1dbd2f204e",
                            "default_action.#": "1",
                            "default_action.0.target_group_arn": "arn:aws:elasticloadbalancing:us-east-1:418395353454:targetgroup/tf-stack-tg/1f08fddf77ac33f3",
                            "default_action.0.type": "forward",
                            "id": "arn:aws:elasticloadbalancing:us-east-1:418395353454:listener/app/tf-stack-lb/9e6a6730f2d5d65c/c4e59c1dbd2f204e",
                            "load_balancer_arn": "arn:aws:elasticloadbalancing:us-east-1:418395353454:loadbalancer/app/tf-stack-lb/9e6a6730f2d5d65c",
                            "port": "80",
                            "protocol": "HTTP",
                            "ssl_policy": ""
                        },
                        "meta": {},
                        "tainted": false
                    },
                    "deposed": [],
                    "provider": "provider.aws"
                },
                "aws_eip.ip.0": {
                    "type": "aws_eip",
                    "depends_on": [
                        "aws_instance.tf-example-01.*"
                    ],
                    "primary": {
                        "id": "eipalloc-b23afdba",
                        "attributes": {
                            "association_id": "eipassoc-3b098783",
                            "domain": "vpc",
                            "id": "eipalloc-b23afdba",
                            "instance": "i-02793b3bbe4832521",
                            "network_interface": "eni-fe2b2d6a",
                            "private_ip": "172.31.85.190",
                            "public_ip": "34.236.34.101",
                            "tags.%": "0",
                            "vpc": "true"
                        },
                        "meta": {
                            "e2bfb730-ecaa-11e6-8f88-34363bc7c4c0": {
                                "delete": 180000000000,
                                "read": 900000000000,
                                "update": 300000000000
                            }
                        },
                        "tainted": false
                    },
                    "deposed": [],
                    "provider": "provider.aws"
                },
                "aws_eip.ip.1": {
                    "type": "aws_eip",
                    "depends_on": [
                        "aws_instance.tf-example-01.*"
                    ],
                    "primary": {
                        "id": "eipalloc-9643849e",
                        "attributes": {
                            "association_id": "eipassoc-f7058b4f",
                            "domain": "vpc",
                            "id": "eipalloc-9643849e",
                            "instance": "i-0e77c7ba0cf6dde5e",
                            "network_interface": "eni-0c212798",
                            "private_ip": "172.31.89.0",
                            "public_ip": "34.224.123.123",
                            "tags.%": "0",
                            "vpc": "true"
                        },
                        "meta": {
                            "e2bfb730-ecaa-11e6-8f88-34363bc7c4c0": {
                                "delete": 180000000000,
                                "read": 900000000000,
                                "update": 300000000000
                            }
                        },
                        "tainted": false
                    },
                    "deposed": [],
                    "provider": "provider.aws"
                },
                "aws_eip.ip.2": {
                    "type": "aws_eip",
                    "depends_on": [
                        "aws_instance.tf-example-01.*"
                    ],
                    "primary": {
                        "id": "eipalloc-6247806a",
                        "attributes": {
                            "association_id": "eipassoc-140688ac",
                            "domain": "vpc",
                            "id": "eipalloc-6247806a",
                            "instance": "i-03f98a8cbf617dd9d",
                            "network_interface": "eni-5b2b2dcf",
                            "private_ip": "172.31.89.5",
                            "public_ip": "34.202.76.38",
                            "tags.%": "0",
                            "vpc": "true"
                        },
                        "meta": {
                            "e2bfb730-ecaa-11e6-8f88-34363bc7c4c0": {
                                "delete": 180000000000,
                                "read": 900000000000,
                                "update": 300000000000
                            }
                        },
                        "tainted": false
                    },
                    "deposed": [],
                    "provider": "provider.aws"
                },
                "aws_instance.tf-example-01.0": {
                    "type": "aws_instance",
                    "depends_on": [],
                    "primary": {
                        "id": "i-02793b3bbe4832521",
                        "attributes": {
                            "ami": "ami-49ac3a36",
                            "associate_public_ip_address": "true",
                            "availability_zone": "us-east-1c",
                            "credit_specification.#": "1",
                            "credit_specification.0.cpu_credits": "standard",
                            "disable_api_termination": "false",
                            "ebs_block_device.#": "0",
                            "ebs_optimized": "false",
                            "ephemeral_block_device.#": "0",
                            "get_password_data": "false",
                            "iam_instance_profile": "",
                            "id": "i-02793b3bbe4832521",
                            "instance_state": "running",
                            "instance_type": "t2.micro",
                            "ipv6_addresses.#": "0",
                            "key_name": "web",
                            "monitoring": "false",
                            "network_interface.#": "0",
                            "network_interface_id": "eni-fe2b2d6a",
                            "password_data": "",
                            "placement_group": "",
                            "primary_network_interface_id": "eni-fe2b2d6a",
                            "private_dns": "ip-172-31-85-190.ec2.internal",
                            "private_ip": "172.31.85.190",
                            "public_dns": "ec2-184-72-126-249.compute-1.amazonaws.com",
                            "public_ip": "184.72.126.249",
                            "root_block_device.#": "1",
                            "root_block_device.0.delete_on_termination": "true",
                            "root_block_device.0.iops": "100",
                            "root_block_device.0.volume_id": "vol-04938a4552334b5da",
                            "root_block_device.0.volume_size": "8",
                            "root_block_device.0.volume_type": "gp2",
                            "security_groups.#": "1",
                            "security_groups.365508689": "web",
                            "source_dest_check": "true",
                            "subnet_id": "subnet-940798bb",
                            "tags.%": "1",
                            "tags.Name": "tf-created",
                            "tenancy": "default",
                            "volume_tags.%": "0",
                            "vpc_security_group_ids.#": "1",
                            "vpc_security_group_ids.1086226247": "sg-3dbbf049"
                        },
                        "meta": {
                            "e2bfb730-ecaa-11e6-8f88-34363bc7c4c0": {
                                "create": 600000000000,
                                "delete": 1200000000000,
                                "update": 600000000000
                            },
                            "schema_version": "1"
                        },
                        "tainted": false
                    },
                    "deposed": [],
                    "provider": "provider.aws"
                },
                "aws_instance.tf-example-01.1": {
                    "type": "aws_instance",
                    "depends_on": [],
                    "primary": {
                        "id": "i-0e77c7ba0cf6dde5e",
                        "attributes": {
                            "ami": "ami-49ac3a36",
                            "associate_public_ip_address": "true",
                            "availability_zone": "us-east-1c",
                            "credit_specification.#": "1",
                            "credit_specification.0.cpu_credits": "standard",
                            "disable_api_termination": "false",
                            "ebs_block_device.#": "0",
                            "ebs_optimized": "false",
                            "ephemeral_block_device.#": "0",
                            "get_password_data": "false",
                            "iam_instance_profile": "",
                            "id": "i-0e77c7ba0cf6dde5e",
                            "instance_state": "running",
                            "instance_type": "t2.micro",
                            "ipv6_addresses.#": "0",
                            "key_name": "web",
                            "monitoring": "false",
                            "network_interface.#": "0",
                            "network_interface_id": "eni-0c212798",
                            "password_data": "",
                            "placement_group": "",
                            "primary_network_interface_id": "eni-0c212798",
                            "private_dns": "ip-172-31-89-0.ec2.internal",
                            "private_ip": "172.31.89.0",
                            "public_dns": "ec2-107-22-145-212.compute-1.amazonaws.com",
                            "public_ip": "107.22.145.212",
                            "root_block_device.#": "1",
                            "root_block_device.0.delete_on_termination": "true",
                            "root_block_device.0.iops": "100",
                            "root_block_device.0.volume_id": "vol-0f4400defae158057",
                            "root_block_device.0.volume_size": "8",
                            "root_block_device.0.volume_type": "gp2",
                            "security_groups.#": "1",
                            "security_groups.365508689": "web",
                            "source_dest_check": "true",
                            "subnet_id": "subnet-940798bb",
                            "tags.%": "1",
                            "tags.Name": "tf-created",
                            "tenancy": "default",
                            "volume_tags.%": "0",
                            "vpc_security_group_ids.#": "1",
                            "vpc_security_group_ids.1086226247": "sg-3dbbf049"
                        },
                        "meta": {
                            "e2bfb730-ecaa-11e6-8f88-34363bc7c4c0": {
                                "create": 600000000000,
                                "delete": 1200000000000,
                                "update": 600000000000
                            },
                            "schema_version": "1"
                        },
                        "tainted": false
                    },
                    "deposed": [],
                    "provider": "provider.aws"
                },
                "aws_instance.tf-example-01.2": {
                    "type": "aws_instance",
                    "depends_on": [],
                    "primary": {
                        "id": "i-03f98a8cbf617dd9d",
                        "attributes": {
                            "ami": "ami-49ac3a36",
                            "associate_public_ip_address": "true",
                            "availability_zone": "us-east-1c",
                            "credit_specification.#": "1",
                            "credit_specification.0.cpu_credits": "standard",
                            "disable_api_termination": "false",
                            "ebs_block_device.#": "0",
                            "ebs_optimized": "false",
                            "ephemeral_block_device.#": "0",
                            "get_password_data": "false",
                            "iam_instance_profile": "",
                            "id": "i-03f98a8cbf617dd9d",
                            "instance_state": "running",
                            "instance_type": "t2.micro",
                            "ipv6_addresses.#": "0",
                            "key_name": "web",
                            "monitoring": "false",
                            "network_interface.#": "0",
                            "network_interface_id": "eni-5b2b2dcf",
                            "password_data": "",
                            "placement_group": "",
                            "primary_network_interface_id": "eni-5b2b2dcf",
                            "private_dns": "ip-172-31-89-5.ec2.internal",
                            "private_ip": "172.31.89.5",
                            "public_dns": "ec2-54-211-219-181.compute-1.amazonaws.com",
                            "public_ip": "54.211.219.181",
                            "root_block_device.#": "1",
                            "root_block_device.0.delete_on_termination": "true",
                            "root_block_device.0.iops": "100",
                            "root_block_device.0.volume_id": "vol-09a7909a26a067caf",
                            "root_block_device.0.volume_size": "8",
                            "root_block_device.0.volume_type": "gp2",
                            "security_groups.#": "1",
                            "security_groups.365508689": "web",
                            "source_dest_check": "true",
                            "subnet_id": "subnet-940798bb",
                            "tags.%": "1",
                            "tags.Name": "tf-created",
                            "tenancy": "default",
                            "volume_tags.%": "0",
                            "vpc_security_group_ids.#": "1",
                            "vpc_security_group_ids.1086226247": "sg-3dbbf049"
                        },
                        "meta": {
                            "e2bfb730-ecaa-11e6-8f88-34363bc7c4c0": {
                                "create": 600000000000,
                                "delete": 1200000000000,
                                "update": 600000000000
                            },
                            "schema_version": "1"
                        },
                        "tainted": false
                    },
                    "deposed": [],
                    "provider": "provider.aws"
                },
                "aws_lb.tf-stack-alb": {
                    "type": "aws_lb",
                    "depends_on": [
                        "aws_security_group.web_lb",
                        "data.aws_subnet.selected.*"
                    ],
                    "primary": {
                        "id": "arn:aws:elasticloadbalancing:us-east-1:418395353454:loadbalancer/app/tf-stack-lb/9e6a6730f2d5d65c",
                        "attributes": {
                            "access_logs.#": "0",
                            "arn": "arn:aws:elasticloadbalancing:us-east-1:418395353454:loadbalancer/app/tf-stack-lb/9e6a6730f2d5d65c",
                            "arn_suffix": "app/tf-stack-lb/9e6a6730f2d5d65c",
                            "dns_name": "tf-stack-lb-525453991.us-east-1.elb.amazonaws.com",
                            "enable_deletion_protection": "false",
                            "enable_http2": "true",
                            "id": "arn:aws:elasticloadbalancing:us-east-1:418395353454:loadbalancer/app/tf-stack-lb/9e6a6730f2d5d65c",
                            "idle_timeout": "60",
                            "internal": "false",
                            "ip_address_type": "ipv4",
                            "load_balancer_type": "application",
                            "name": "tf-stack-lb",
                            "security_groups.#": "1",
                            "security_groups.1609434485": "sg-720f8c3a",
                            "subnet_mapping.#": "0",
                            "subnets.#": "6",
                            "subnets.1296305892": "subnet-f0e1b194",
                            "subnets.1501573289": "subnet-75016f4a",
                            "subnets.1505829917": "subnet-0623d609",
                            "subnets.3096424558": "subnet-1a7f5b51",
                            "subnets.4167573571": "subnet-fc42d1a1",
                            "subnets.781476875": "subnet-940798bb",
                            "tags.%": "1",
                            "tags.Name": "tf-created",
                            "vpc_id": "vpc-75f4cb0d",
                            "zone_id": "Z35SXDOTRQ7X7K"
                        },
                        "meta": {
                            "e2bfb730-ecaa-11e6-8f88-34363bc7c4c0": {
                                "create": 600000000000,
                                "delete": 600000000000,
                                "update": 600000000000
                            }
                        },
                        "tainted": false
                    },
                    "deposed": [],
                    "provider": "provider.aws"
                },
                "aws_lb_target_group.tf-stack-tg": {
                    "type": "aws_lb_target_group",
                    "depends_on": [],
                    "primary": {
                        "id": "arn:aws:elasticloadbalancing:us-east-1:418395353454:targetgroup/tf-stack-tg/1f08fddf77ac33f3",
                        "attributes": {
                            "arn": "arn:aws:elasticloadbalancing:us-east-1:418395353454:targetgroup/tf-stack-tg/1f08fddf77ac33f3",
                            "arn_suffix": "targetgroup/tf-stack-tg/1f08fddf77ac33f3",
                            "deregistration_delay": "300",
                            "health_check.#": "1",
                            "health_check.0.healthy_threshold": "5",
                            "health_check.0.interval": "30",
                            "health_check.0.matcher": "200",
                            "health_check.0.path": "/",
                            "health_check.0.port": "traffic-port",
                            "health_check.0.protocol": "HTTP",
                            "health_check.0.timeout": "5",
                            "health_check.0.unhealthy_threshold": "2",
                            "id": "arn:aws:elasticloadbalancing:us-east-1:418395353454:targetgroup/tf-stack-tg/1f08fddf77ac33f3",
                            "name": "tf-stack-tg",
                            "port": "80",
                            "protocol": "HTTP",
                            "proxy_protocol_v2": "false",
                            "stickiness.#": "1",
                            "stickiness.0.cookie_duration": "86400",
                            "stickiness.0.enabled": "false",
                            "stickiness.0.type": "lb_cookie",
                            "tags.%": "0",
                            "target_type": "instance",
                            "vpc_id": "vpc-75f4cb0d"
                        },
                        "meta": {},
                        "tainted": false
                    },
                    "deposed": [],
                    "provider": "provider.aws"
                },
                "aws_lb_target_group_attachment.tf-stack-tg-members.0": {
                    "type": "aws_lb_target_group_attachment",
                    "depends_on": [
                        "aws_instance.tf-example-01.*",
                        "aws_lb_target_group.tf-stack-tg"
                    ],
                    "primary": {
                        "id": "arn:aws:elasticloadbalancing:us-east-1:418395353454:targetgroup/tf-stack-tg/1f08fddf77ac33f3-20180518190503435500000004",
                        "attributes": {
                            "id": "arn:aws:elasticloadbalancing:us-east-1:418395353454:targetgroup/tf-stack-tg/1f08fddf77ac33f3-20180518190503435500000004",
                            "port": "80",
                            "target_group_arn": "arn:aws:elasticloadbalancing:us-east-1:418395353454:targetgroup/tf-stack-tg/1f08fddf77ac33f3",
                            "target_id": "i-02793b3bbe4832521"
                        },
                        "meta": {},
                        "tainted": false
                    },
                    "deposed": [],
                    "provider": "provider.aws"
                },
                "aws_lb_target_group_attachment.tf-stack-tg-members.1": {
                    "type": "aws_lb_target_group_attachment",
                    "depends_on": [
                        "aws_instance.tf-example-01.*",
                        "aws_lb_target_group.tf-stack-tg"
                    ],
                    "primary": {
                        "id": "arn:aws:elasticloadbalancing:us-east-1:418395353454:targetgroup/tf-stack-tg/1f08fddf77ac33f3-20180518190503333800000003",
                        "attributes": {
                            "id": "arn:aws:elasticloadbalancing:us-east-1:418395353454:targetgroup/tf-stack-tg/1f08fddf77ac33f3-20180518190503333800000003",
                            "port": "80",
                            "target_group_arn": "arn:aws:elasticloadbalancing:us-east-1:418395353454:targetgroup/tf-stack-tg/1f08fddf77ac33f3",
                            "target_id": "i-0e77c7ba0cf6dde5e"
                        },
                        "meta": {},
                        "tainted": false
                    },
                    "deposed": [],
                    "provider": "provider.aws"
                },
                "aws_lb_target_group_attachment.tf-stack-tg-members.2": {
                    "type": "aws_lb_target_group_attachment",
                    "depends_on": [
                        "aws_instance.tf-example-01.*",
                        "aws_lb_target_group.tf-stack-tg"
                    ],
                    "primary": {
                        "id": "arn:aws:elasticloadbalancing:us-east-1:418395353454:targetgroup/tf-stack-tg/1f08fddf77ac33f3-20180518190503301700000002",
                        "attributes": {
                            "id": "arn:aws:elasticloadbalancing:us-east-1:418395353454:targetgroup/tf-stack-tg/1f08fddf77ac33f3-20180518190503301700000002",
                            "port": "80",
                            "target_group_arn": "arn:aws:elasticloadbalancing:us-east-1:418395353454:targetgroup/tf-stack-tg/1f08fddf77ac33f3",
                            "target_id": "i-03f98a8cbf617dd9d"
                        },
                        "meta": {},
                        "tainted": false
                    },
                    "deposed": [],
                    "provider": "provider.aws"
                },
                "aws_security_group.web_lb": {
                    "type": "aws_security_group",
                    "depends_on": [],
                    "primary": {
                        "id": "sg-720f8c3a",
                        "attributes": {
                            "arn": "arn:aws:ec2:us-east-1:418395353454:security-group/sg-720f8c3a",
                            "description": "Managed by Terraform",
                            "egress.#": "0",
                            "id": "sg-720f8c3a",
                            "ingress.#": "1",
                            "ingress.2995531591.cidr_blocks.#": "1",
                            "ingress.2995531591.cidr_blocks.0": "0.0.0.0/0",
                            "ingress.2995531591.description": "",
                            "ingress.2995531591.from_port": "0",
                            "ingress.2995531591.ipv6_cidr_blocks.#": "0",
                            "ingress.2995531591.protocol": "tcp",
                            "ingress.2995531591.security_groups.#": "0",
                            "ingress.2995531591.self": "false",
                            "ingress.2995531591.to_port": "80",
                            "name": "terraform-20180518190435531200000001",
                            "owner_id": "418395353454",
                            "revoke_rules_on_delete": "false",
                            "tags.%": "1",
                            "tags.Name": "tf-created",
                            "vpc_id": "vpc-75f4cb0d"
                        },
                        "meta": {
                            "e2bfb730-ecaa-11e6-8f88-34363bc7c4c0": {
                                "create": 600000000000,
                                "delete": 600000000000
                            },
                            "schema_version": "1"
                        },
                        "tainted": false
                    },
                    "deposed": [],
                    "provider": "provider.aws"
                },
                "data.aws_subnet.selected.0": {
                    "type": "aws_subnet",
                    "depends_on": [
                        "data.aws_subnet_ids.selected"
                    ],
                    "primary": {
                        "id": "subnet-940798bb",
                        "attributes": {
                            "assign_ipv6_address_on_creation": "false",
                            "availability_zone": "us-east-1c",
                            "cidr_block": "172.31.80.0/20",
                            "default_for_az": "true",
                            "id": "subnet-940798bb",
                            "map_public_ip_on_launch": "true",
                            "state": "available",
                            "tags.%": "0",
                            "vpc_id": "vpc-75f4cb0d"
                        },
                        "meta": {},
                        "tainted": false
                    },
                    "deposed": [],
                    "provider": "provider.aws"
                },
                "data.aws_subnet.selected.1": {
                    "type": "aws_subnet",
                    "depends_on": [
                        "data.aws_subnet_ids.selected"
                    ],
                    "primary": {
                        "id": "subnet-f0e1b194",
                        "attributes": {
                            "assign_ipv6_address_on_creation": "false",
                            "availability_zone": "us-east-1b",
                            "cidr_block": "172.31.0.0/20",
                            "default_for_az": "true",
                            "id": "subnet-f0e1b194",
                            "map_public_ip_on_launch": "true",
                            "state": "available",
                            "tags.%": "0",
                            "vpc_id": "vpc-75f4cb0d"
                        },
                        "meta": {},
                        "tainted": false
                    },
                    "deposed": [],
                    "provider": "provider.aws"
                },
                "data.aws_subnet.selected.2": {
                    "type": "aws_subnet",
                    "depends_on": [
                        "data.aws_subnet_ids.selected"
                    ],
                    "primary": {
                        "id": "subnet-75016f4a",
                        "attributes": {
                            "assign_ipv6_address_on_creation": "false",
                            "availability_zone": "us-east-1e",
                            "cidr_block": "172.31.64.0/20",
                            "default_for_az": "true",
                            "id": "subnet-75016f4a",
                            "map_public_ip_on_launch": "true",
                            "state": "available",
                            "tags.%": "0",
                            "vpc_id": "vpc-75f4cb0d"
                        },
                        "meta": {},
                        "tainted": false
                    },
                    "deposed": [],
                    "provider": "provider.aws"
                },
                "data.aws_subnet.selected.3": {
                    "type": "aws_subnet",
                    "depends_on": [
                        "data.aws_subnet_ids.selected"
                    ],
                    "primary": {
                        "id": "subnet-0623d609",
                        "attributes": {
                            "assign_ipv6_address_on_creation": "false",
                            "availability_zone": "us-east-1f",
                            "cidr_block": "172.31.48.0/20",
                            "default_for_az": "true",
                            "id": "subnet-0623d609",
                            "map_public_ip_on_launch": "true",
                            "state": "available",
                            "tags.%": "0",
                            "vpc_id": "vpc-75f4cb0d"
                        },
                        "meta": {},
                        "tainted": false
                    },
                    "deposed": [],
                    "provider": "provider.aws"
                },
                "data.aws_subnet.selected.4": {
                    "type": "aws_subnet",
                    "depends_on": [
                        "data.aws_subnet_ids.selected"
                    ],
                    "primary": {
                        "id": "subnet-1a7f5b51",
                        "attributes": {
                            "assign_ipv6_address_on_creation": "false",
                            "availability_zone": "us-east-1d",
                            "cidr_block": "172.31.16.0/20",
                            "default_for_az": "true",
                            "id": "subnet-1a7f5b51",
                            "map_public_ip_on_launch": "true",
                            "state": "available",
                            "tags.%": "0",
                            "vpc_id": "vpc-75f4cb0d"
                        },
                        "meta": {},
                        "tainted": false
                    },
                    "deposed": [],
                    "provider": "provider.aws"
                },
                "data.aws_subnet.selected.5": {
                    "type": "aws_subnet",
                    "depends_on": [
                        "data.aws_subnet_ids.selected"
                    ],
                    "primary": {
                        "id": "subnet-fc42d1a1",
                        "attributes": {
                            "assign_ipv6_address_on_creation": "false",
                            "availability_zone": "us-east-1a",
                            "cidr_block": "172.31.32.0/20",
                            "default_for_az": "true",
                            "id": "subnet-fc42d1a1",
                            "map_public_ip_on_launch": "true",
                            "state": "available",
                            "tags.%": "0",
                            "vpc_id": "vpc-75f4cb0d"
                        },
                        "meta": {},
                        "tainted": false
                    },
                    "deposed": [],
                    "provider": "provider.aws"
                },
                "data.aws_subnet_ids.selected": {
                    "type": "aws_subnet_ids",
                    "depends_on": [],
                    "primary": {
                        "id": "vpc-75f4cb0d",
                        "attributes": {
                            "id": "vpc-75f4cb0d",
                            "ids.#": "6",
                            "ids.1296305892": "subnet-f0e1b194",
                            "ids.1501573289": "subnet-75016f4a",
                            "ids.1505829917": "subnet-0623d609",
                            "ids.3096424558": "subnet-1a7f5b51",
                            "ids.4167573571": "subnet-fc42d1a1",
                            "ids.781476875": "subnet-940798bb",
                            "vpc_id": "vpc-75f4cb0d"
                        },
                        "meta": {},
                        "tainted": false
                    },
                    "deposed": [],
                    "provider": "provider.aws"
                }
            },
            "depends_on": []
        }
    ]
}
