{
    "version": 3,
    "terraform_version": "0.11.7",
    "serial": 43,
    "lineage": "0c8aad06-a9d5-4648-94e5-bd3724288b32",
    "modules": [
        {
            "path": [
                "root"
            ],
            "outputs": {},
            "resources": {
                "aws_instance.tf-example-01.0": {
                    "type": "aws_instance",
                    "depends_on": [],
                    "primary": {
                        "id": "i-0c29e22ce6f081623",
                        "attributes": {
                            "ami": "ami-49ac3a36",
                            "associate_public_ip_address": "true",
                            "availability_zone": "us-east-1c",
                            "disable_api_termination": "false",
                            "ebs_block_device.#": "0",
                            "ebs_optimized": "false",
                            "ephemeral_block_device.#": "0",
                            "iam_instance_profile": "",
                            "id": "i-0c29e22ce6f081623",
                            "instance_state": "running",
                            "instance_type": "t2.micro",
                            "ipv6_addresses.#": "0",
                            "key_name": "web",
                            "monitoring": "false",
                            "network_interface.#": "0",
                            "network_interface_id": "eni-346660a0",
                            "placement_group": "",
                            "primary_network_interface_id": "eni-346660a0",
                            "private_dns": "ip-172-31-95-249.ec2.internal",
                            "private_ip": "172.31.95.249",
                            "public_dns": "ec2-54-157-41-214.compute-1.amazonaws.com",
                            "public_ip": "54.157.41.214",
                            "root_block_device.#": "1",
                            "root_block_device.0.delete_on_termination": "true",
                            "root_block_device.0.iops": "100",
                            "root_block_device.0.volume_id": "vol-037eb30b2c3259d73",
                            "root_block_device.0.volume_size": "8",
                            "root_block_device.0.volume_type": "gp2",
                            "security_groups.#": "1",
                            "security_groups.365508689": "web",
                            "source_dest_check": "true",
                            "subnet_id": "subnet-940798bb",
                            "tags.%": "1",
                            "tags.Name": "tf-created",
                            "tenancy": "default",
                            "volume_tags.%": "0",
                            "vpc_security_group_ids.#": "1",
                            "vpc_security_group_ids.1086226247": "sg-3dbbf049"
                        },
                        "meta": {
                            "e2bfb730-ecaa-11e6-8f88-34363bc7c4c0": {
                                "create": 600000000000,
                                "delete": 1200000000000,
                                "update": 600000000000
                            },
                            "schema_version": "1"
                        },
                        "tainted": true
                    },
                    "deposed": [],
                    "provider": "provider.aws"
                },
                "aws_instance.tf-example-01.1": {
                    "type": "aws_instance",
                    "depends_on": [],
                    "primary": {
                        "id": "i-06288880da40887b9",
                        "attributes": {
                            "ami": "ami-49ac3a36",
                            "associate_public_ip_address": "true",
                            "availability_zone": "us-east-1c",
                            "disable_api_termination": "false",
                            "ebs_block_device.#": "0",
                            "ebs_optimized": "false",
                            "ephemeral_block_device.#": "0",
                            "iam_instance_profile": "",
                            "id": "i-06288880da40887b9",
                            "instance_state": "running",
                            "instance_type": "t2.micro",
                            "ipv6_addresses.#": "0",
                            "key_name": "web",
                            "monitoring": "false",
                            "network_interface.#": "0",
                            "network_interface_id": "eni-0b66609f",
                            "placement_group": "",
                            "primary_network_interface_id": "eni-0b66609f",
                            "private_dns": "ip-172-31-85-131.ec2.internal",
                            "private_ip": "172.31.85.131",
                            "public_dns": "ec2-54-234-127-173.compute-1.amazonaws.com",
                            "public_ip": "54.234.127.173",
                            "root_block_device.#": "1",
                            "root_block_device.0.delete_on_termination": "true",
                            "root_block_device.0.iops": "100",
                            "root_block_device.0.volume_id": "vol-0a570237132c482a0",
                            "root_block_device.0.volume_size": "8",
                            "root_block_device.0.volume_type": "gp2",
                            "security_groups.#": "1",
                            "security_groups.365508689": "web",
                            "source_dest_check": "true",
                            "subnet_id": "subnet-940798bb",
                            "tags.%": "1",
                            "tags.Name": "tf-created",
                            "tenancy": "default",
                            "volume_tags.%": "0",
                            "vpc_security_group_ids.#": "1",
                            "vpc_security_group_ids.1086226247": "sg-3dbbf049"
                        },
                        "meta": {
                            "e2bfb730-ecaa-11e6-8f88-34363bc7c4c0": {
                                "create": 600000000000,
                                "delete": 1200000000000,
                                "update": 600000000000
                            },
                            "schema_version": "1"
                        },
                        "tainted": true
                    },
                    "deposed": [],
                    "provider": "provider.aws"
                },
                "aws_instance.tf-example-01.2": {
                    "type": "aws_instance",
                    "depends_on": [],
                    "primary": {
                        "id": "i-0509241b8974a6697",
                        "attributes": {
                            "ami": "ami-49ac3a36",
                            "associate_public_ip_address": "true",
                            "availability_zone": "us-east-1c",
                            "disable_api_termination": "false",
                            "ebs_block_device.#": "0",
                            "ebs_optimized": "false",
                            "ephemeral_block_device.#": "0",
                            "iam_instance_profile": "",
                            "id": "i-0509241b8974a6697",
                            "instance_state": "running",
                            "instance_type": "t2.micro",
                            "ipv6_addresses.#": "0",
                            "key_name": "web",
                            "monitoring": "false",
                            "network_interface.#": "0",
                            "network_interface_id": "eni-56585ec2",
                            "placement_group": "",
                            "primary_network_interface_id": "eni-56585ec2",
                            "private_dns": "ip-172-31-84-250.ec2.internal",
                            "private_ip": "172.31.84.250",
                            "public_dns": "ec2-54-84-14-49.compute-1.amazonaws.com",
                            "public_ip": "54.84.14.49",
                            "root_block_device.#": "1",
                            "root_block_device.0.delete_on_termination": "true",
                            "root_block_device.0.iops": "100",
                            "root_block_device.0.volume_id": "vol-0acfd57e889db115f",
                            "root_block_device.0.volume_size": "8",
                            "root_block_device.0.volume_type": "gp2",
                            "security_groups.#": "1",
                            "security_groups.365508689": "web",
                            "source_dest_check": "true",
                            "subnet_id": "subnet-940798bb",
                            "tags.%": "1",
                            "tags.Name": "tf-created",
                            "tenancy": "default",
                            "volume_tags.%": "0",
                            "vpc_security_group_ids.#": "1",
                            "vpc_security_group_ids.1086226247": "sg-3dbbf049"
                        },
                        "meta": {
                            "e2bfb730-ecaa-11e6-8f88-34363bc7c4c0": {
                                "create": 600000000000,
                                "delete": 1200000000000,
                                "update": 600000000000
                            },
                            "schema_version": "1"
                        },
                        "tainted": true
                    },
                    "deposed": [],
                    "provider": "provider.aws"
                }
            },
            "depends_on": []
        }
    ]
}
